
Microsoft Visual Studio Solution File, Format Version 12.00
# Visual Studio Version 17
VisualStudioVersion = 17.3.32922.545
MinimumVisualStudioVersion = 10.0.40219.1
Project("{9A19103F-16F7-4668-BE54-9A1E7A4F7556}") = "SecureAssetManager", "SecureAssetManager.csproj", "{B09F3604-ADEC-46B1-B1C5-119E747580C0}"
EndProject
Global
	GlobalSection(SolutionConfigurationPlatforms) = preSolution
		Debug|Any CPU = Debug|Any CPU
		Release|Any CPU = Release|Any CPU
	EndGlobalSection
	GlobalSection(ProjectConfigurationPlatforms) = postSolution
		{B09F3604-ADEC-46B1-B1C5-119E747580C0}.Debug|Any CPU.ActiveCfg = Debug|Any CPU
		{B09F3604-ADEC-46B1-B1C5-119E747580C0}.Debug|Any CPU.Build.0 = Debug|Any CPU
		{B09F3604-ADEC-46B1-B1C5-119E747580C0}.Release|Any CPU.ActiveCfg = Release|Any CPU
		{B09F3604-ADEC-46B1-B1C5-119E747580C0}.Release|Any CPU.Build.0 = Release|Any CPU
	EndGlobalSection
	GlobalSection(SolutionProperties) = preSolution
		HideSolutionNode = FALSE
	EndGlobalSection
	GlobalSection(ExtensibilityGlobals) = postSolution
		SolutionGuid = {B1ED8F64-4656-4C4C-93E6-A4BD2AFE552E}
	EndGlobalSection
EndGlobal
